{
  "name": "bit-book",
  "version": "0.1.0",
  "lockfileVersion": 1,
  "requires": true,
  "dependencies": {
    "react-infinite-scroll-component": {
      "version": "4.0.2",
      "resolved": "https://registry.npmjs.org/react-infinite-scroll-component/-/react-infinite-scroll-component-4.0.2.tgz",
      "integrity": "sha1-+zs9mVBGQr37FVkMOkqBKVUJDEs="
    },
    "yarn": {
      "version": "1.5.1",
      "resolved": "https://registry.npmjs.org/yarn/-/yarn-1.5.1.tgz",
      "integrity": "sha1-6GgDYOgyrIlSHrgNrTp7wnpAurQ="
    }
  }
}
